
Microsoft Visual Studio Solution File, Format Version 12.00
# Visual Studio Version 17
VisualStudioVersion = 17.8.34309.116
MinimumVisualStudioVersion = 10.0.40219.1
Project("{9A19103F-16F7-4668-BE54-9A1E7A4F7556}") = "SecureMicroservice.Movies.Api", "src\SecureMicroservice.Movies.Api\SecureMicroservice.Movies.Api.csproj", "{57EE7C31-DA13-4DBD-A8C3-FABDE80114B3}"
EndProject
Project("{9A19103F-16F7-4668-BE54-9A1E7A4F7556}") = "Secure.IdentityServer", "src\Secure.IdentityServer\Secure.IdentityServer.csproj", "{F89FA1C1-6912-4A21-B304-0F2309336441}"
	ProjectSection(ProjectDependencies) = postProject
		{57EE7C31-DA13-4DBD-A8C3-FABDE80114B3} = {57EE7C31-DA13-4DBD-A8C3-FABDE80114B3}
	EndProjectSection
EndProject
Project("{E53339B2-1760-4266-BCC7-CA923CBCF16C}") = "docker-compose", "docker-compose.dcproj", "{F5DC1F81-780E-410E-A4BF-778561D12C03}"
EndProject
Project("{FAE04EC0-301F-11D3-BF4B-00C04F79EFBC}") = "Movies.Client", "src\Movies.Client\Movies.Client.csproj", "{488B7E3C-70BC-443B-AC16-C8EA49866241}"
EndProject
Global
	GlobalSection(SolutionConfigurationPlatforms) = preSolution
		Debug|Any CPU = Debug|Any CPU
		Release|Any CPU = Release|Any CPU
	EndGlobalSection
	GlobalSection(ProjectConfigurationPlatforms) = postSolution
		{57EE7C31-DA13-4DBD-A8C3-FABDE80114B3}.Debug|Any CPU.ActiveCfg = Debug|Any CPU
		{57EE7C31-DA13-4DBD-A8C3-FABDE80114B3}.Debug|Any CPU.Build.0 = Debug|Any CPU
		{57EE7C31-DA13-4DBD-A8C3-FABDE80114B3}.Release|Any CPU.ActiveCfg = Release|Any CPU
		{57EE7C31-DA13-4DBD-A8C3-FABDE80114B3}.Release|Any CPU.Build.0 = Release|Any CPU
		{F89FA1C1-6912-4A21-B304-0F2309336441}.Debug|Any CPU.ActiveCfg = Debug|Any CPU
		{F89FA1C1-6912-4A21-B304-0F2309336441}.Debug|Any CPU.Build.0 = Debug|Any CPU
		{F89FA1C1-6912-4A21-B304-0F2309336441}.Release|Any CPU.ActiveCfg = Release|Any CPU
		{F89FA1C1-6912-4A21-B304-0F2309336441}.Release|Any CPU.Build.0 = Release|Any CPU
		{F5DC1F81-780E-410E-A4BF-778561D12C03}.Debug|Any CPU.ActiveCfg = Debug|Any CPU
		{F5DC1F81-780E-410E-A4BF-778561D12C03}.Debug|Any CPU.Build.0 = Debug|Any CPU
		{F5DC1F81-780E-410E-A4BF-778561D12C03}.Release|Any CPU.ActiveCfg = Release|Any CPU
		{F5DC1F81-780E-410E-A4BF-778561D12C03}.Release|Any CPU.Build.0 = Release|Any CPU
		{488B7E3C-70BC-443B-AC16-C8EA49866241}.Debug|Any CPU.ActiveCfg = Debug|Any CPU
		{488B7E3C-70BC-443B-AC16-C8EA49866241}.Debug|Any CPU.Build.0 = Debug|Any CPU
		{488B7E3C-70BC-443B-AC16-C8EA49866241}.Release|Any CPU.ActiveCfg = Release|Any CPU
		{488B7E3C-70BC-443B-AC16-C8EA49866241}.Release|Any CPU.Build.0 = Release|Any CPU
	EndGlobalSection
	GlobalSection(SolutionProperties) = preSolution
		HideSolutionNode = FALSE
	EndGlobalSection
	GlobalSection(ExtensibilityGlobals) = postSolution
		SolutionGuid = {F493EA77-37D0-4A09-8F6A-2C7EF36CED5D}
	EndGlobalSection
EndGlobal
